
Microsoft Visual Studio Solution File, Format Version 12.00
# Visual Studio 15
VisualStudioVersion = 15.0.26730.8
MinimumVisualStudioVersion = 10.0.40219.1
Project("{FAE04EC0-301F-11D3-BF4B-00C04F79EFBC}") = "BackgroundProcessing", "BackgroundProcessing\BackgroundProcessing.csproj", "{06F39435-4422-4C14-9EB0-ED0258279B85}"
EndProject
Project("{2150E333-8FDC-42A3-9474-1A3956D46DE8}") = "Solution Items", "Solution Items", "{067577E9-DF16-4C87-8CBF-8411AAD9EAE8}"
	ProjectSection(SolutionItems) = preProject
		BackgroundProcessing.version = BackgroundProcessing.version
		buildRelease.bat = buildRelease.bat
		Changelog.txt = Changelog.txt
		deploy.bat = deploy.bat
		jenkins.txt = jenkins.txt
		license.txt = license.txt
	EndProjectSection
EndProject
Global
	GlobalSection(SolutionConfigurationPlatforms) = preSolution
		Debug|Any CPU = Debug|Any CPU
		Release|Any CPU = Release|Any CPU
	EndGlobalSection
	GlobalSection(ProjectConfigurationPlatforms) = postSolution
		{06F39435-4422-4C14-9EB0-ED0258279B85}.Debug|Any CPU.ActiveCfg = Debug|Any CPU
		{06F39435-4422-4C14-9EB0-ED0258279B85}.Debug|Any CPU.Build.0 = Debug|Any CPU
		{06F39435-4422-4C14-9EB0-ED0258279B85}.Release|Any CPU.ActiveCfg = Release|Any CPU
		{06F39435-4422-4C14-9EB0-ED0258279B85}.Release|Any CPU.Build.0 = Release|Any CPU
	EndGlobalSection
	GlobalSection(SolutionProperties) = preSolution
		HideSolutionNode = FALSE
	EndGlobalSection
	GlobalSection(ExtensibilityGlobals) = postSolution
		SolutionGuid = {F7D4A36A-4E05-4252-A9FC-83F2936815BB}
	EndGlobalSection
EndGlobal
